// !$*UTF8*$!
{
	archiveVersion = 1;
	classes = {
	};
	objectVersion = 56;
	objects = {

/* Begin PBXBuildFile section */
		07F7B8B99F2004BE2614BF48 /* Pods_StudyHubTests.framework in Frameworks */ = {isa = PBXBuildFile; fileRef = A9435207F4BE7E8A58F47CE4 /* Pods_StudyHubTests.framework */; };
		260B007B2BC375D60005BCA4 /* HomePageViewModel.swift in Sources */ = {isa = PBXBuildFile; fileRef = 260B007A2BC375D60005BCA4 /* HomePageViewModel.swift */; };
		260B007F2BC37C9D0005BCA4 /* ProfileViewModel.swift in Sources */ = {isa = PBXBuildFile; fileRef = 260B007E2BC37C9D0005BCA4 /* ProfileViewModel.swift */; };
		260B00822BC580AF0005BCA4 /* LocationViewModel.swift in Sources */ = {isa = PBXBuildFile; fileRef = 260B00812BC580AF0005BCA4 /* LocationViewModel.swift */; };
		260B00852BC586290005BCA4 /* LocationManager.swift in Sources */ = {isa = PBXBuildFile; fileRef = 260B00842BC586290005BCA4 /* LocationManager.swift */; };
		260B00882BCB0CEA0005BCA4 /* CanvasAPIManager.swift in Sources */ = {isa = PBXBuildFile; fileRef = 260B00872BCB0CEA0005BCA4 /* CanvasAPIManager.swift */; };
		260B008B2BCB37BA0005BCA4 /* ClassScheduleViewModel.swift in Sources */ = {isa = PBXBuildFile; fileRef = 260B008A2BCB37BA0005BCA4 /* ClassScheduleViewModel.swift */; };
		260B008D2BCC207B0005BCA4 /* CourseUpdateViewController.swift in Sources */ = {isa = PBXBuildFile; fileRef = 260B008C2BCC207B0005BCA4 /* CourseUpdateViewController.swift */; };
		266D4B942B82872F00DE336D /* StudyHubApp.swift in Sources */ = {isa = PBXBuildFile; fileRef = 266D4B932B82872F00DE336D /* StudyHubApp.swift */; };
		266D4B962B82872F00DE336D /* HomePageViewController.swift in Sources */ = {isa = PBXBuildFile; fileRef = 266D4B952B82872F00DE336D /* HomePageViewController.swift */; };
		266D4B982B82872F00DE336D /* Assets.xcassets in Resources */ = {isa = PBXBuildFile; fileRef = 266D4B972B82872F00DE336D /* Assets.xcassets */; };
		266D4B9B2B82872F00DE336D /* Preview Assets.xcassets in Resources */ = {isa = PBXBuildFile; fileRef = 266D4B9A2B82872F00DE336D /* Preview Assets.xcassets */; };
		266D4BA52B82873000DE336D /* StudyHubTests.swift in Sources */ = {isa = PBXBuildFile; fileRef = 266D4BA42B82873000DE336D /* StudyHubTests.swift */; };
		266D4BAF2B82873000DE336D /* StudyHubUITests.swift in Sources */ = {isa = PBXBuildFile; fileRef = 266D4BAE2B82873000DE336D /* StudyHubUITests.swift */; };
		266D4BB12B82873000DE336D /* StudyHubUITestsLaunchTests.swift in Sources */ = {isa = PBXBuildFile; fileRef = 266D4BB02B82873000DE336D /* StudyHubUITestsLaunchTests.swift */; };
		266D4BC22B8290B500DE336D /* Localizable.strings in Resources */ = {isa = PBXBuildFile; fileRef = 266D4BC42B8290B500DE336D /* Localizable.strings */; };
		266D4BCA2B8292EC00DE336D /* StringExtensions.swift in Sources */ = {isa = PBXBuildFile; fileRef = 266D4BC92B8292EC00DE336D /* StringExtensions.swift */; };
		26870C062BC0CA7D00AB7F53 /* ClassScheduleView.swift in Sources */ = {isa = PBXBuildFile; fileRef = 26870C052BC0CA7D00AB7F53 /* ClassScheduleView.swift */; };
		26870C082BC0CD8F00AB7F53 /* LocationView.swift in Sources */ = {isa = PBXBuildFile; fileRef = 26870C072BC0CD8F00AB7F53 /* LocationView.swift */; };
		26870C0C2BC0CE5D00AB7F53 /* ProfileView.swift in Sources */ = {isa = PBXBuildFile; fileRef = 26870C0B2BC0CE5D00AB7F53 /* ProfileView.swift */; };
		26870C0E2BC0CE8200AB7F53 /* SettingsView.swift in Sources */ = {isa = PBXBuildFile; fileRef = 26870C0D2BC0CE8200AB7F53 /* SettingsView.swift */; };
		26870C122BC0E24800AB7F53 /* HomePageView.swift in Sources */ = {isa = PBXBuildFile; fileRef = 26870C112BC0E24800AB7F53 /* HomePageView.swift */; };
		26870C142BC0E31900AB7F53 /* GoogleService-Info.plist in Resources */ = {isa = PBXBuildFile; fileRef = 26870C132BC0E31900AB7F53 /* GoogleService-Info.plist */; };
		26870C172BC0E4FC00AB7F53 /* FirebaseAppCheck in Frameworks */ = {isa = PBXBuildFile; productRef = 26870C162BC0E4FC00AB7F53 /* FirebaseAppCheck */; };
		26870C192BC0E4FC00AB7F53 /* FirebaseAppDistribution-Beta in Frameworks */ = {isa = PBXBuildFile; productRef = 26870C182BC0E4FC00AB7F53 /* FirebaseAppDistribution-Beta */; };
		26870C1B2BC0E4FC00AB7F53 /* FirebaseAuth in Frameworks */ = {isa = PBXBuildFile; productRef = 26870C1A2BC0E4FC00AB7F53 /* FirebaseAuth */; };
		26870C1D2BC0E4FC00AB7F53 /* FirebaseAuthCombine-Community in Frameworks */ = {isa = PBXBuildFile; productRef = 26870C1C2BC0E4FC00AB7F53 /* FirebaseAuthCombine-Community */; };
		26870C1F2BC0E4FC00AB7F53 /* FirebaseCrashlytics in Frameworks */ = {isa = PBXBuildFile; productRef = 26870C1E2BC0E4FC00AB7F53 /* FirebaseCrashlytics */; };
		26870C212BC0E4FC00AB7F53 /* FirebaseDatabase in Frameworks */ = {isa = PBXBuildFile; productRef = 26870C202BC0E4FC00AB7F53 /* FirebaseDatabase */; };
		26870C232BC0E4FC00AB7F53 /* FirebaseDatabaseSwift in Frameworks */ = {isa = PBXBuildFile; productRef = 26870C222BC0E4FC00AB7F53 /* FirebaseDatabaseSwift */; };
		26870C252BC0E4FC00AB7F53 /* FirebaseDynamicLinks in Frameworks */ = {isa = PBXBuildFile; productRef = 26870C242BC0E4FC00AB7F53 /* FirebaseDynamicLinks */; };
		26870C272BC0E4FC00AB7F53 /* FirebaseFirestore in Frameworks */ = {isa = PBXBuildFile; productRef = 26870C262BC0E4FC00AB7F53 /* FirebaseFirestore */; };
		26870C292BC0E4FC00AB7F53 /* FirebaseFirestoreCombine-Community in Frameworks */ = {isa = PBXBuildFile; productRef = 26870C282BC0E4FC00AB7F53 /* FirebaseFirestoreCombine-Community */; };
		26870C2B2BC0E4FC00AB7F53 /* FirebaseFirestoreSwift in Frameworks */ = {isa = PBXBuildFile; productRef = 26870C2A2BC0E4FC00AB7F53 /* FirebaseFirestoreSwift */; };
		26870C2D2BC0E4FC00AB7F53 /* FirebaseFunctions in Frameworks */ = {isa = PBXBuildFile; productRef = 26870C2C2BC0E4FC00AB7F53 /* FirebaseFunctions */; };
		26870C2F2BC0E4FC00AB7F53 /* FirebaseFunctionsCombine-Community in Frameworks */ = {isa = PBXBuildFile; productRef = 26870C2E2BC0E4FC00AB7F53 /* FirebaseFunctionsCombine-Community */; };
		26870C312BC0E4FC00AB7F53 /* FirebaseInAppMessaging-Beta in Frameworks */ = {isa = PBXBuildFile; productRef = 26870C302BC0E4FC00AB7F53 /* FirebaseInAppMessaging-Beta */; };
		26870C332BC0E4FC00AB7F53 /* FirebaseInAppMessagingSwift-Beta in Frameworks */ = {isa = PBXBuildFile; productRef = 26870C322BC0E4FC00AB7F53 /* FirebaseInAppMessagingSwift-Beta */; };
		26870C352BC0E4FC00AB7F53 /* FirebaseInstallations in Frameworks */ = {isa = PBXBuildFile; productRef = 26870C342BC0E4FC00AB7F53 /* FirebaseInstallations */; };
		26870C372BC0E4FC00AB7F53 /* FirebaseMLModelDownloader in Frameworks */ = {isa = PBXBuildFile; productRef = 26870C362BC0E4FC00AB7F53 /* FirebaseMLModelDownloader */; };
		26870C392BC0E4FC00AB7F53 /* FirebaseMessaging in Frameworks */ = {isa = PBXBuildFile; productRef = 26870C382BC0E4FC00AB7F53 /* FirebaseMessaging */; };
		26870C3B2BC0E4FC00AB7F53 /* FirebasePerformance in Frameworks */ = {isa = PBXBuildFile; productRef = 26870C3A2BC0E4FC00AB7F53 /* FirebasePerformance */; };
		26870C3D2BC0E4FC00AB7F53 /* FirebaseRemoteConfig in Frameworks */ = {isa = PBXBuildFile; productRef = 26870C3C2BC0E4FC00AB7F53 /* FirebaseRemoteConfig */; };
		26870C3F2BC0E4FC00AB7F53 /* FirebaseRemoteConfigSwift in Frameworks */ = {isa = PBXBuildFile; productRef = 26870C3E2BC0E4FC00AB7F53 /* FirebaseRemoteConfigSwift */; };
		26870C412BC0E4FC00AB7F53 /* FirebaseStorage in Frameworks */ = {isa = PBXBuildFile; productRef = 26870C402BC0E4FC00AB7F53 /* FirebaseStorage */; };
		26870C432BC0E4FC00AB7F53 /* FirebaseStorageCombine-Community in Frameworks */ = {isa = PBXBuildFile; productRef = 26870C422BC0E4FC00AB7F53 /* FirebaseStorageCombine-Community */; };
		26870C452BC0E64300AB7F53 /* LoginView.swift in Sources */ = {isa = PBXBuildFile; fileRef = 26870C442BC0E64300AB7F53 /* LoginView.swift */; };
		26870C472BC0E72200AB7F53 /* FirebaseAnalytics in Frameworks */ = {isa = PBXBuildFile; productRef = 26870C462BC0E72200AB7F53 /* FirebaseAnalytics */; };
		26870C492BC0E72200AB7F53 /* FirebaseAnalyticsOnDeviceConversion in Frameworks */ = {isa = PBXBuildFile; productRef = 26870C482BC0E72200AB7F53 /* FirebaseAnalyticsOnDeviceConversion */; };
		26870C4B2BC0E72200AB7F53 /* FirebaseAnalyticsSwift in Frameworks */ = {isa = PBXBuildFile; productRef = 26870C4A2BC0E72200AB7F53 /* FirebaseAnalyticsSwift */; };
		26870C4D2BC0E72200AB7F53 /* FirebaseAnalyticsWithoutAdIdSupport in Frameworks */ = {isa = PBXBuildFile; productRef = 26870C4C2BC0E72200AB7F53 /* FirebaseAnalyticsWithoutAdIdSupport */; };
		26870C502BC0E77E00AB7F53 /* AuthenticationViewModel.swift in Sources */ = {isa = PBXBuildFile; fileRef = 26870C4F2BC0E77E00AB7F53 /* AuthenticationViewModel.swift */; };
		26870C522BC0E7A200AB7F53 /* AuthenticationView.swift in Sources */ = {isa = PBXBuildFile; fileRef = 26870C512BC0E7A200AB7F53 /* AuthenticationView.swift */; };
		26870C542BC0E7C500AB7F53 /* AuthenticatedView.swift in Sources */ = {isa = PBXBuildFile; fileRef = 26870C532BC0E7C500AB7F53 /* AuthenticatedView.swift */; };
		26870C562BC0E7E000AB7F53 /* SignupView.swift in Sources */ = {isa = PBXBuildFile; fileRef = 26870C552BC0E7E000AB7F53 /* SignupView.swift */; };
		54F2BE34B51C65F09A832CDB /* Pods_StudyHub_StudyHubUITests.framework in Frameworks */ = {isa = PBXBuildFile; fileRef = 43044546DC46ACAC07CF6116 /* Pods_StudyHub_StudyHubUITests.framework */; };
		F27728CC6EA1CC79BC1FBDE4 /* Pods_StudyHub.framework in Frameworks */ = {isa = PBXBuildFile; fileRef = 17A790F89A4AEF1B01BD93CB /* Pods_StudyHub.framework */; };
/* End PBXBuildFile section */

/* Begin PBXContainerItemProxy section */
		266D4BA12B82873000DE336D /* PBXContainerItemProxy */ = {
			isa = PBXContainerItemProxy;
			containerPortal = 266D4B882B82872F00DE336D /* Project object */;
			proxyType = 1;
			remoteGlobalIDString = 266D4B8F2B82872F00DE336D;
			remoteInfo = StudyHub;
		};
		266D4BAB2B82873000DE336D /* PBXContainerItemProxy */ = {
			isa = PBXContainerItemProxy;
			containerPortal = 266D4B882B82872F00DE336D /* Project object */;
			proxyType = 1;
			remoteGlobalIDString = 266D4B8F2B82872F00DE336D;
			remoteInfo = StudyHub;
		};
/* End PBXContainerItemProxy section */

/* Begin PBXFileReference section */
		17A790F89A4AEF1B01BD93CB /* Pods_StudyHub.framework */ = {isa = PBXFileReference; explicitFileType = wrapper.framework; includeInIndex = 0; path = Pods_StudyHub.framework; sourceTree = BUILT_PRODUCTS_DIR; };
		260B007A2BC375D60005BCA4 /* HomePageViewModel.swift */ = {isa = PBXFileReference; lastKnownFileType = sourcecode.swift; path = HomePageViewModel.swift; sourceTree = "<group>"; };
		260B007E2BC37C9D0005BCA4 /* ProfileViewModel.swift */ = {isa = PBXFileReference; lastKnownFileType = sourcecode.swift; path = ProfileViewModel.swift; sourceTree = "<group>"; };
		260B00812BC580AF0005BCA4 /* LocationViewModel.swift */ = {isa = PBXFileReference; lastKnownFileType = sourcecode.swift; path = LocationViewModel.swift; sourceTree = "<group>"; };
		260B00842BC586290005BCA4 /* LocationManager.swift */ = {isa = PBXFileReference; lastKnownFileType = sourcecode.swift; path = LocationManager.swift; sourceTree = "<group>"; };
		260B00872BCB0CEA0005BCA4 /* CanvasAPIManager.swift */ = {isa = PBXFileReference; lastKnownFileType = sourcecode.swift; path = CanvasAPIManager.swift; sourceTree = "<group>"; };
		260B008A2BCB37BA0005BCA4 /* ClassScheduleViewModel.swift */ = {isa = PBXFileReference; lastKnownFileType = sourcecode.swift; path = ClassScheduleViewModel.swift; sourceTree = "<group>"; };
		260B008C2BCC207B0005BCA4 /* CourseUpdateViewController.swift */ = {isa = PBXFileReference; lastKnownFileType = sourcecode.swift; path = CourseUpdateViewController.swift; sourceTree = "<group>"; };
		266D4B902B82872F00DE336D /* StudyHub.app */ = {isa = PBXFileReference; explicitFileType = wrapper.application; includeInIndex = 0; path = StudyHub.app; sourceTree = BUILT_PRODUCTS_DIR; };
		266D4B932B82872F00DE336D /* StudyHubApp.swift */ = {isa = PBXFileReference; lastKnownFileType = sourcecode.swift; path = StudyHubApp.swift; sourceTree = "<group>"; };
		266D4B952B82872F00DE336D /* HomePageViewController.swift */ = {isa = PBXFileReference; lastKnownFileType = sourcecode.swift; path = HomePageViewController.swift; sourceTree = "<group>"; };
		266D4B972B82872F00DE336D /* Assets.xcassets */ = {isa = PBXFileReference; lastKnownFileType = folder.assetcatalog; path = Assets.xcassets; sourceTree = "<group>"; };
		266D4B9A2B82872F00DE336D /* Preview Assets.xcassets */ = {isa = PBXFileReference; lastKnownFileType = folder.assetcatalog; path = "Preview Assets.xcassets"; sourceTree = "<group>"; };
		266D4BA02B82873000DE336D /* StudyHubTests.xctest */ = {isa = PBXFileReference; explicitFileType = wrapper.cfbundle; includeInIndex = 0; path = StudyHubTests.xctest; sourceTree = BUILT_PRODUCTS_DIR; };
		266D4BA42B82873000DE336D /* StudyHubTests.swift */ = {isa = PBXFileReference; lastKnownFileType = sourcecode.swift; path = StudyHubTests.swift; sourceTree = "<group>"; };
		266D4BAA2B82873000DE336D /* StudyHubUITests.xctest */ = {isa = PBXFileReference; explicitFileType = wrapper.cfbundle; includeInIndex = 0; path = StudyHubUITests.xctest; sourceTree = BUILT_PRODUCTS_DIR; };
		266D4BAE2B82873000DE336D /* StudyHubUITests.swift */ = {isa = PBXFileReference; lastKnownFileType = sourcecode.swift; path = StudyHubUITests.swift; sourceTree = "<group>"; };
		266D4BB02B82873000DE336D /* StudyHubUITestsLaunchTests.swift */ = {isa = PBXFileReference; lastKnownFileType = sourcecode.swift; path = StudyHubUITestsLaunchTests.swift; sourceTree = "<group>"; };
		266D4BC32B8290B500DE336D /* en */ = {isa = PBXFileReference; lastKnownFileType = text.plist.strings; name = en; path = en.lproj/Localizable.strings; sourceTree = "<group>"; };
		266D4BC52B82911800DE336D /* de */ = {isa = PBXFileReference; lastKnownFileType = text.plist.strings; name = de; path = de.lproj/Localizable.strings; sourceTree = "<group>"; };
		266D4BC92B8292EC00DE336D /* StringExtensions.swift */ = {isa = PBXFileReference; lastKnownFileType = sourcecode.swift; path = StringExtensions.swift; sourceTree = "<group>"; };
		26870C052BC0CA7D00AB7F53 /* ClassScheduleView.swift */ = {isa = PBXFileReference; lastKnownFileType = sourcecode.swift; path = ClassScheduleView.swift; sourceTree = "<group>"; };
		26870C072BC0CD8F00AB7F53 /* LocationView.swift */ = {isa = PBXFileReference; lastKnownFileType = sourcecode.swift; path = LocationView.swift; sourceTree = "<group>"; };
		26870C0B2BC0CE5D00AB7F53 /* ProfileView.swift */ = {isa = PBXFileReference; lastKnownFileType = sourcecode.swift; path = ProfileView.swift; sourceTree = "<group>"; };
		26870C0D2BC0CE8200AB7F53 /* SettingsView.swift */ = {isa = PBXFileReference; lastKnownFileType = sourcecode.swift; path = SettingsView.swift; sourceTree = "<group>"; };
		26870C112BC0E24800AB7F53 /* HomePageView.swift */ = {isa = PBXFileReference; lastKnownFileType = sourcecode.swift; name = HomePageView.swift; path = /Users/ohmpatel/Developer/StudyHub/StudyHub/Views/HomePageView.swift; sourceTree = "<absolute>"; };
		26870C132BC0E31900AB7F53 /* GoogleService-Info.plist */ = {isa = PBXFileReference; fileEncoding = 4; lastKnownFileType = text.plist.xml; path = "GoogleService-Info.plist"; sourceTree = "<group>"; };
		26870C442BC0E64300AB7F53 /* LoginView.swift */ = {isa = PBXFileReference; lastKnownFileType = sourcecode.swift; path = LoginView.swift; sourceTree = "<group>"; };
		26870C4F2BC0E77E00AB7F53 /* AuthenticationViewModel.swift */ = {isa = PBXFileReference; lastKnownFileType = sourcecode.swift; path = AuthenticationViewModel.swift; sourceTree = "<group>"; };
		26870C512BC0E7A200AB7F53 /* AuthenticationView.swift */ = {isa = PBXFileReference; lastKnownFileType = sourcecode.swift; path = AuthenticationView.swift; sourceTree = "<group>"; };
		26870C532BC0E7C500AB7F53 /* AuthenticatedView.swift */ = {isa = PBXFileReference; lastKnownFileType = sourcecode.swift; path = AuthenticatedView.swift; sourceTree = "<group>"; };
		26870C552BC0E7E000AB7F53 /* SignupView.swift */ = {isa = PBXFileReference; lastKnownFileType = sourcecode.swift; path = SignupView.swift; sourceTree = "<group>"; };
		26870C592BC2177E00AB7F53 /* Info.plist */ = {isa = PBXFileReference; lastKnownFileType = text.plist; path = Info.plist; sourceTree = "<group>"; };
		43044546DC46ACAC07CF6116 /* Pods_StudyHub_StudyHubUITests.framework */ = {isa = PBXFileReference; explicitFileType = wrapper.framework; includeInIndex = 0; path = Pods_StudyHub_StudyHubUITests.framework; sourceTree = BUILT_PRODUCTS_DIR; };
		9406874B2B7F5BA5B61BCD55 /* Pods-StudyHub-StudyHubUITests.release.xcconfig */ = {isa = PBXFileReference; includeInIndex = 1; lastKnownFileType = text.xcconfig; name = "Pods-StudyHub-StudyHubUITests.release.xcconfig"; path = "Target Support Files/Pods-StudyHub-StudyHubUITests/Pods-StudyHub-StudyHubUITests.release.xcconfig"; sourceTree = "<group>"; };
		99D1624A4E8254E2560CDD56 /* Pods-StudyHubTests.debug.xcconfig */ = {isa = PBXFileReference; includeInIndex = 1; lastKnownFileType = text.xcconfig; name = "Pods-StudyHubTests.debug.xcconfig"; path = "Target Support Files/Pods-StudyHubTests/Pods-StudyHubTests.debug.xcconfig"; sourceTree = "<group>"; };
		9A0FF878A0B0A593DD0FF54F /* Pods-StudyHub-StudyHubUITests.debug.xcconfig */ = {isa = PBXFileReference; includeInIndex = 1; lastKnownFileType = text.xcconfig; name = "Pods-StudyHub-StudyHubUITests.debug.xcconfig"; path = "Target Support Files/Pods-StudyHub-StudyHubUITests/Pods-StudyHub-StudyHubUITests.debug.xcconfig"; sourceTree = "<group>"; };
		A9435207F4BE7E8A58F47CE4 /* Pods_StudyHubTests.framework */ = {isa = PBXFileReference; explicitFileType = wrapper.framework; includeInIndex = 0; path = Pods_StudyHubTests.framework; sourceTree = BUILT_PRODUCTS_DIR; };
		D92E8453601BCC6B8B1F7B51 /* Pods-StudyHub.debug.xcconfig */ = {isa = PBXFileReference; includeInIndex = 1; lastKnownFileType = text.xcconfig; name = "Pods-StudyHub.debug.xcconfig"; path = "Target Support Files/Pods-StudyHub/Pods-StudyHub.debug.xcconfig"; sourceTree = "<group>"; };
		DB4ACE94D20145E61E4D1C87 /* Pods-StudyHub.release.xcconfig */ = {isa = PBXFileReference; includeInIndex = 1; lastKnownFileType = text.xcconfig; name = "Pods-StudyHub.release.xcconfig"; path = "Target Support Files/Pods-StudyHub/Pods-StudyHub.release.xcconfig"; sourceTree = "<group>"; };
		E76671C3F4749FFC6F366A93 /* Pods-StudyHubTests.release.xcconfig */ = {isa = PBXFileReference; includeInIndex = 1; lastKnownFileType = text.xcconfig; name = "Pods-StudyHubTests.release.xcconfig"; path = "Target Support Files/Pods-StudyHubTests/Pods-StudyHubTests.release.xcconfig"; sourceTree = "<group>"; };
/* End PBXFileReference section */

/* Begin PBXFrameworksBuildPhase section */
		266D4B8D2B82872F00DE336D /* Frameworks */ = {
			isa = PBXFrameworksBuildPhase;
			buildActionMask = 2147483647;
			files = (
				26870C232BC0E4FC00AB7F53 /* FirebaseDatabaseSwift in Frameworks */,
				26870C172BC0E4FC00AB7F53 /* FirebaseAppCheck in Frameworks */,
				26870C3B2BC0E4FC00AB7F53 /* FirebasePerformance in Frameworks */,
				26870C492BC0E72200AB7F53 /* FirebaseAnalyticsOnDeviceConversion in Frameworks */,
				26870C3D2BC0E4FC00AB7F53 /* FirebaseRemoteConfig in Frameworks */,
				F27728CC6EA1CC79BC1FBDE4 /* Pods_StudyHub.framework in Frameworks */,
				26870C3F2BC0E4FC00AB7F53 /* FirebaseRemoteConfigSwift in Frameworks */,
				26870C272BC0E4FC00AB7F53 /* FirebaseFirestore in Frameworks */,
				26870C192BC0E4FC00AB7F53 /* FirebaseAppDistribution-Beta in Frameworks */,
				26870C292BC0E4FC00AB7F53 /* FirebaseFirestoreCombine-Community in Frameworks */,
				26870C1F2BC0E4FC00AB7F53 /* FirebaseCrashlytics in Frameworks */,
				26870C4D2BC0E72200AB7F53 /* FirebaseAnalyticsWithoutAdIdSupport in Frameworks */,
				26870C432BC0E4FC00AB7F53 /* FirebaseStorageCombine-Community in Frameworks */,
				26870C2F2BC0E4FC00AB7F53 /* FirebaseFunctionsCombine-Community in Frameworks */,
				26870C412BC0E4FC00AB7F53 /* FirebaseStorage in Frameworks */,
				26870C392BC0E4FC00AB7F53 /* FirebaseMessaging in Frameworks */,
				26870C352BC0E4FC00AB7F53 /* FirebaseInstallations in Frameworks */,
				26870C252BC0E4FC00AB7F53 /* FirebaseDynamicLinks in Frameworks */,
				26870C1B2BC0E4FC00AB7F53 /* FirebaseAuth in Frameworks */,
				26870C4B2BC0E72200AB7F53 /* FirebaseAnalyticsSwift in Frameworks */,
				26870C332BC0E4FC00AB7F53 /* FirebaseInAppMessagingSwift-Beta in Frameworks */,
				26870C2D2BC0E4FC00AB7F53 /* FirebaseFunctions in Frameworks */,
				26870C212BC0E4FC00AB7F53 /* FirebaseDatabase in Frameworks */,
				26870C1D2BC0E4FC00AB7F53 /* FirebaseAuthCombine-Community in Frameworks */,
				26870C372BC0E4FC00AB7F53 /* FirebaseMLModelDownloader in Frameworks */,
				26870C2B2BC0E4FC00AB7F53 /* FirebaseFirestoreSwift in Frameworks */,
				26870C472BC0E72200AB7F53 /* FirebaseAnalytics in Frameworks */,
				26870C312BC0E4FC00AB7F53 /* FirebaseInAppMessaging-Beta in Frameworks */,
			);
			runOnlyForDeploymentPostprocessing = 0;
		};
		266D4B9D2B82873000DE336D /* Frameworks */ = {
			isa = PBXFrameworksBuildPhase;
			buildActionMask = 2147483647;
			files = (
				07F7B8B99F2004BE2614BF48 /* Pods_StudyHubTests.framework in Frameworks */,
			);
			runOnlyForDeploymentPostprocessing = 0;
		};
		266D4BA72B82873000DE336D /* Frameworks */ = {
			isa = PBXFrameworksBuildPhase;
			buildActionMask = 2147483647;
			files = (
				54F2BE34B51C65F09A832CDB /* Pods_StudyHub_StudyHubUITests.framework in Frameworks */,
			);
			runOnlyForDeploymentPostprocessing = 0;
		};
/* End PBXFrameworksBuildPhase section */

/* Begin PBXGroup section */
		260B00792BC375C60005BCA4 /* HomePage */ = {
			isa = PBXGroup;
			children = (
				26870C112BC0E24800AB7F53 /* HomePageView.swift */,
				260B007A2BC375D60005BCA4 /* HomePageViewModel.swift */,
			);
			path = HomePage;
			sourceTree = "<group>";
		};
		260B007C2BC37A4A0005BCA4 /* Profile */ = {
			isa = PBXGroup;
			children = (
				26870C0B2BC0CE5D00AB7F53 /* ProfileView.swift */,
				260B007E2BC37C9D0005BCA4 /* ProfileViewModel.swift */,
			);
			path = Profile;
			sourceTree = "<group>";
		};
		260B007D2BC37A8B0005BCA4 /* AuthView */ = {
			isa = PBXGroup;
			children = (
				26870C552BC0E7E000AB7F53 /* SignupView.swift */,
				26870C442BC0E64300AB7F53 /* LoginView.swift */,
				26870C532BC0E7C500AB7F53 /* AuthenticatedView.swift */,
				26870C512BC0E7A200AB7F53 /* AuthenticationView.swift */,
				26870C4F2BC0E77E00AB7F53 /* AuthenticationViewModel.swift */,
			);
			path = AuthView;
			sourceTree = "<group>";
		};
		260B00802BC580240005BCA4 /* Location */ = {
			isa = PBXGroup;
			children = (
				26870C072BC0CD8F00AB7F53 /* LocationView.swift */,
				260B00812BC580AF0005BCA4 /* LocationViewModel.swift */,
			);
			path = Location;
			sourceTree = "<group>";
		};
		260B00832BC586180005BCA4 /* Location */ = {
			isa = PBXGroup;
			children = (
				260B00842BC586290005BCA4 /* LocationManager.swift */,
			);
			name = Location;
			sourceTree = "<group>";
		};
		260B00862BCB0CD40005BCA4 /* Canvas */ = {
			isa = PBXGroup;
			children = (
				260B00872BCB0CEA0005BCA4 /* CanvasAPIManager.swift */,
			);
			name = Canvas;
			sourceTree = "<group>";
		};
		260B00892BCB379B0005BCA4 /* ClassSchedule */ = {
			isa = PBXGroup;
			children = (
				26870C052BC0CA7D00AB7F53 /* ClassScheduleView.swift */,
				260B008A2BCB37BA0005BCA4 /* ClassScheduleViewModel.swift */,
			);
			path = ClassSchedule;
			sourceTree = "<group>";
		};
		260B008E2BCC280C0005BCA4 /* Settings */ = {
			isa = PBXGroup;
			children = (
				26870C0D2BC0CE8200AB7F53 /* SettingsView.swift */,
				260B008C2BCC207B0005BCA4 /* CourseUpdateViewController.swift */,
			);
			path = Settings;
			sourceTree = "<group>";
		};
		266D4B872B82872F00DE336D = {
			isa = PBXGroup;
			children = (
				266D4B922B82872F00DE336D /* StudyHub */,
				266D4BA32B82873000DE336D /* StudyHubTests */,
				266D4BAD2B82873000DE336D /* StudyHubUITests */,
				266D4B912B82872F00DE336D /* Products */,
				AE6F8E5274EB2E7442565CDD /* Pods */,
				74B7474B04BE9826B12111CF /* Frameworks */,
			);
			sourceTree = "<group>";
		};
		266D4B912B82872F00DE336D /* Products */ = {
			isa = PBXGroup;
			children = (
				266D4B902B82872F00DE336D /* StudyHub.app */,
				266D4BA02B82873000DE336D /* StudyHubTests.xctest */,
				266D4BAA2B82873000DE336D /* StudyHubUITests.xctest */,
			);
			name = Products;
			sourceTree = "<group>";
		};
		266D4B922B82872F00DE336D /* StudyHub */ = {
			isa = PBXGroup;
			children = (
				26870C592BC2177E00AB7F53 /* Info.plist */,
				26870C132BC0E31900AB7F53 /* GoogleService-Info.plist */,
				26870C102BC0E0A200AB7F53 /* Views */,
				266D4BC62B82928B00DE336D /* Services */,
				266D4BBE2B828F7200DE336D /* Supporting Files */,
				266D4B932B82872F00DE336D /* StudyHubApp.swift */,
				266D4B972B82872F00DE336D /* Assets.xcassets */,
				266D4B992B82872F00DE336D /* Preview Content */,
			);
			path = StudyHub;
			sourceTree = "<group>";
		};
		266D4B992B82872F00DE336D /* Preview Content */ = {
			isa = PBXGroup;
			children = (
				266D4B9A2B82872F00DE336D /* Preview Assets.xcassets */,
			);
			path = "Preview Content";
			sourceTree = "<group>";
		};
		266D4BA32B82873000DE336D /* StudyHubTests */ = {
			isa = PBXGroup;
			children = (
				266D4BA42B82873000DE336D /* StudyHubTests.swift */,
			);
			path = StudyHubTests;
			sourceTree = "<group>";
		};
		266D4BAD2B82873000DE336D /* StudyHubUITests */ = {
			isa = PBXGroup;
			children = (
				266D4BAE2B82873000DE336D /* StudyHubUITests.swift */,
				266D4BB02B82873000DE336D /* StudyHubUITestsLaunchTests.swift */,
			);
			path = StudyHubUITests;
			sourceTree = "<group>";
		};
		266D4BBE2B828F7200DE336D /* Supporting Files */ = {
			isa = PBXGroup;
			children = (
				266D4BBF2B828F9400DE336D /* Localization */,
			);
			path = "Supporting Files";
			sourceTree = "<group>";
		};
		266D4BBF2B828F9400DE336D /* Localization */ = {
			isa = PBXGroup;
			children = (
				266D4BC42B8290B500DE336D /* Localizable.strings */,
			);
			path = Localization;
			sourceTree = "<group>";
		};
		266D4BC62B82928B00DE336D /* Services */ = {
			isa = PBXGroup;
			children = (
				266D4BC72B8292A400DE336D /* Utilities */,
			);
			path = Services;
			sourceTree = "<group>";
		};
		266D4BC72B8292A400DE336D /* Utilities */ = {
			isa = PBXGroup;
			children = (
				260B00862BCB0CD40005BCA4 /* Canvas */,
				260B00832BC586180005BCA4 /* Location */,
				266D4BC82B8292D500DE336D /* Extensions */,
			);
			path = Utilities;
			sourceTree = "<group>";
		};
		266D4BC82B8292D500DE336D /* Extensions */ = {
			isa = PBXGroup;
			children = (
				266D4BC92B8292EC00DE336D /* StringExtensions.swift */,
			);
			name = Extensions;
			sourceTree = "<group>";
		};
		26870C102BC0E0A200AB7F53 /* Views */ = {
			isa = PBXGroup;
			children = (
				260B00792BC375C60005BCA4 /* HomePage */,
				260B00892BCB379B0005BCA4 /* ClassSchedule */,
				260B00802BC580240005BCA4 /* Location */,
				260B007C2BC37A4A0005BCA4 /* Profile */,
				260B008E2BCC280C0005BCA4 /* Settings */,
				260B007D2BC37A8B0005BCA4 /* AuthView */,
				266D4B952B82872F00DE336D /* HomePageViewController.swift */,
			);
			path = Views;
			sourceTree = "<group>";
		};
		74B7474B04BE9826B12111CF /* Frameworks */ = {
			isa = PBXGroup;
			children = (
				17A790F89A4AEF1B01BD93CB /* Pods_StudyHub.framework */,
				43044546DC46ACAC07CF6116 /* Pods_StudyHub_StudyHubUITests.framework */,
				A9435207F4BE7E8A58F47CE4 /* Pods_StudyHubTests.framework */,
			);
			name = Frameworks;
			sourceTree = "<group>";
		};
		AE6F8E5274EB2E7442565CDD /* Pods */ = {
			isa = PBXGroup;
			children = (
				D92E8453601BCC6B8B1F7B51 /* Pods-StudyHub.debug.xcconfig */,
				DB4ACE94D20145E61E4D1C87 /* Pods-StudyHub.release.xcconfig */,
				9A0FF878A0B0A593DD0FF54F /* Pods-StudyHub-StudyHubUITests.debug.xcconfig */,
				9406874B2B7F5BA5B61BCD55 /* Pods-StudyHub-StudyHubUITests.release.xcconfig */,
				99D1624A4E8254E2560CDD56 /* Pods-StudyHubTests.debug.xcconfig */,
				E76671C3F4749FFC6F366A93 /* Pods-StudyHubTests.release.xcconfig */,
			);
			path = Pods;
			sourceTree = "<group>";
		};
/* End PBXGroup section */

/* Begin PBXNativeTarget section */
		266D4B8F2B82872F00DE336D /* StudyHub */ = {
			isa = PBXNativeTarget;
			buildConfigurationList = 266D4BB42B82873000DE336D /* Build configuration list for PBXNativeTarget "StudyHub" */;
			buildPhases = (
				90A2ABC82F0FD23225521277 /* [CP] Check Pods Manifest.lock */,
				266D4B8C2B82872F00DE336D /* Sources */,
				266D4B8D2B82872F00DE336D /* Frameworks */,
				266D4B8E2B82872F00DE336D /* Resources */,
				266D4BBD2B82890500DE336D /* Run Script */,
			);
			buildRules = (
			);
			dependencies = (
			);
			name = StudyHub;
			packageProductDependencies = (
				26870C162BC0E4FC00AB7F53 /* FirebaseAppCheck */,
				26870C182BC0E4FC00AB7F53 /* FirebaseAppDistribution-Beta */,
				26870C1A2BC0E4FC00AB7F53 /* FirebaseAuth */,
				26870C1C2BC0E4FC00AB7F53 /* FirebaseAuthCombine-Community */,
				26870C1E2BC0E4FC00AB7F53 /* FirebaseCrashlytics */,
				26870C202BC0E4FC00AB7F53 /* FirebaseDatabase */,
				26870C222BC0E4FC00AB7F53 /* FirebaseDatabaseSwift */,
				26870C242BC0E4FC00AB7F53 /* FirebaseDynamicLinks */,
				26870C262BC0E4FC00AB7F53 /* FirebaseFirestore */,
				26870C282BC0E4FC00AB7F53 /* FirebaseFirestoreCombine-Community */,
				26870C2A2BC0E4FC00AB7F53 /* FirebaseFirestoreSwift */,
				26870C2C2BC0E4FC00AB7F53 /* FirebaseFunctions */,
				26870C2E2BC0E4FC00AB7F53 /* FirebaseFunctionsCombine-Community */,
				26870C302BC0E4FC00AB7F53 /* FirebaseInAppMessaging-Beta */,
				26870C322BC0E4FC00AB7F53 /* FirebaseInAppMessagingSwift-Beta */,
				26870C342BC0E4FC00AB7F53 /* FirebaseInstallations */,
				26870C362BC0E4FC00AB7F53 /* FirebaseMLModelDownloader */,
				26870C382BC0E4FC00AB7F53 /* FirebaseMessaging */,
				26870C3A2BC0E4FC00AB7F53 /* FirebasePerformance */,
				26870C3C2BC0E4FC00AB7F53 /* FirebaseRemoteConfig */,
				26870C3E2BC0E4FC00AB7F53 /* FirebaseRemoteConfigSwift */,
				26870C402BC0E4FC00AB7F53 /* FirebaseStorage */,
				26870C422BC0E4FC00AB7F53 /* FirebaseStorageCombine-Community */,
				26870C462BC0E72200AB7F53 /* FirebaseAnalytics */,
				26870C482BC0E72200AB7F53 /* FirebaseAnalyticsOnDeviceConversion */,
				26870C4A2BC0E72200AB7F53 /* FirebaseAnalyticsSwift */,
				26870C4C2BC0E72200AB7F53 /* FirebaseAnalyticsWithoutAdIdSupport */,
			);
			productName = StudyHub;
			productReference = 266D4B902B82872F00DE336D /* StudyHub.app */;
			productType = "com.apple.product-type.application";
		};
		266D4B9F2B82873000DE336D /* StudyHubTests */ = {
			isa = PBXNativeTarget;
			buildConfigurationList = 266D4BB72B82873000DE336D /* Build configuration list for PBXNativeTarget "StudyHubTests" */;
			buildPhases = (
				8AF4A15B0A0D65C3D9D6B7FF /* [CP] Check Pods Manifest.lock */,
				266D4B9C2B82873000DE336D /* Sources */,
				266D4B9D2B82873000DE336D /* Frameworks */,
				266D4B9E2B82873000DE336D /* Resources */,
			);
			buildRules = (
			);
			dependencies = (
				266D4BA22B82873000DE336D /* PBXTargetDependency */,
			);
			name = StudyHubTests;
			productName = StudyHubTests;
			productReference = 266D4BA02B82873000DE336D /* StudyHubTests.xctest */;
			productType = "com.apple.product-type.bundle.unit-test";
		};
		266D4BA92B82873000DE336D /* StudyHubUITests */ = {
			isa = PBXNativeTarget;
			buildConfigurationList = 266D4BBA2B82873000DE336D /* Build configuration list for PBXNativeTarget "StudyHubUITests" */;
			buildPhases = (
				65F87973CF264C506F3039E6 /* [CP] Check Pods Manifest.lock */,
				266D4BA62B82873000DE336D /* Sources */,
				266D4BA72B82873000DE336D /* Frameworks */,
				266D4BA82B82873000DE336D /* Resources */,
			);
			buildRules = (
			);
			dependencies = (
				266D4BAC2B82873000DE336D /* PBXTargetDependency */,
			);
			name = StudyHubUITests;
			productName = StudyHubUITests;
			productReference = 266D4BAA2B82873000DE336D /* StudyHubUITests.xctest */;
			productType = "com.apple.product-type.bundle.ui-testing";
		};
/* End PBXNativeTarget section */

/* Begin PBXProject section */
		266D4B882B82872F00DE336D /* Project object */ = {
			isa = PBXProject;
			attributes = {
				BuildIndependentTargetsInParallel = 1;
				LastSwiftUpdateCheck = 1430;
				LastUpgradeCheck = 1430;
				TargetAttributes = {
					266D4B8F2B82872F00DE336D = {
						CreatedOnToolsVersion = 14.3.1;
					};
					266D4B9F2B82873000DE336D = {
						CreatedOnToolsVersion = 14.3.1;
						TestTargetID = 266D4B8F2B82872F00DE336D;
					};
					266D4BA92B82873000DE336D = {
						CreatedOnToolsVersion = 14.3.1;
						TestTargetID = 266D4B8F2B82872F00DE336D;
					};
				};
			};
			buildConfigurationList = 266D4B8B2B82872F00DE336D /* Build configuration list for PBXProject "StudyHub" */;
			compatibilityVersion = "Xcode 14.0";
			developmentRegion = en;
			hasScannedForEncodings = 0;
			knownRegions = (
				en,
				Base,
				de,
			);
			mainGroup = 266D4B872B82872F00DE336D;
			packageReferences = (
				26870C152BC0E4FC00AB7F53 /* XCRemoteSwiftPackageReference "firebase-ios-sdk" */,
			);
			productRefGroup = 266D4B912B82872F00DE336D /* Products */;
			projectDirPath = "";
			projectRoot = "";
			targets = (
				266D4B8F2B82872F00DE336D /* StudyHub */,
				266D4B9F2B82873000DE336D /* StudyHubTests */,
				266D4BA92B82873000DE336D /* StudyHubUITests */,
			);
		};
/* End PBXProject section */

/* Begin PBXResourcesBuildPhase section */
		266D4B8E2B82872F00DE336D /* Resources */ = {
			isa = PBXResourcesBuildPhase;
			buildActionMask = 2147483647;
			files = (
				266D4B9B2B82872F00DE336D /* Preview Assets.xcassets in Resources */,
				26870C142BC0E31900AB7F53 /* GoogleService-Info.plist in Resources */,
				266D4BC22B8290B500DE336D /* Localizable.strings in Resources */,
				266D4B982B82872F00DE336D /* Assets.xcassets in Resources */,
			);
			runOnlyForDeploymentPostprocessing = 0;
		};
		266D4B9E2B82873000DE336D /* Resources */ = {
			isa = PBXResourcesBuildPhase;
			buildActionMask = 2147483647;
			files = (
			);
			runOnlyForDeploymentPostprocessing = 0;
		};
		266D4BA82B82873000DE336D /* Resources */ = {
			isa = PBXResourcesBuildPhase;
			buildActionMask = 2147483647;
			files = (
			);
			runOnlyForDeploymentPostprocessing = 0;
		};
/* End PBXResourcesBuildPhase section */

/* Begin PBXShellScriptBuildPhase section */
		266D4BBD2B82890500DE336D /* Run Script */ = {
			isa = PBXShellScriptBuildPhase;
			buildActionMask = 2147483647;
			files = (
			);
			inputFileListPaths = (
			);
			inputPaths = (
			);
			name = "Run Script";
			outputFileListPaths = (
			);
			outputPaths = (
			);
			runOnlyForDeploymentPostprocessing = 0;
			shellPath = /bin/sh;
			shellScript = "\"${PODS_ROOT}/SwiftLint/swiftlint\"\n\n";
		};
		65F87973CF264C506F3039E6 /* [CP] Check Pods Manifest.lock */ = {
			isa = PBXShellScriptBuildPhase;
			buildActionMask = 2147483647;
			files = (
			);
			inputFileListPaths = (
			);
			inputPaths = (
				"${PODS_PODFILE_DIR_PATH}/Podfile.lock",
				"${PODS_ROOT}/Manifest.lock",
			);
			name = "[CP] Check Pods Manifest.lock";
			outputFileListPaths = (
			);
			outputPaths = (
				"$(DERIVED_FILE_DIR)/Pods-StudyHub-StudyHubUITests-checkManifestLockResult.txt",
			);
			runOnlyForDeploymentPostprocessing = 0;
			shellPath = /bin/sh;
			shellScript = "diff \"${PODS_PODFILE_DIR_PATH}/Podfile.lock\" \"${PODS_ROOT}/Manifest.lock\" > /dev/null\nif [ $? != 0 ] ; then\n    # print error to STDERR\n    echo \"error: The sandbox is not in sync with the Podfile.lock. Run 'pod install' or update your CocoaPods installation.\" >&2\n    exit 1\nfi\n# This output is used by Xcode 'outputs' to avoid re-running this script phase.\necho \"SUCCESS\" > \"${SCRIPT_OUTPUT_FILE_0}\"\n";
			showEnvVarsInLog = 0;
		};
		8AF4A15B0A0D65C3D9D6B7FF /* [CP] Check Pods Manifest.lock */ = {
			isa = PBXShellScriptBuildPhase;
			buildActionMask = 2147483647;
			files = (
			);
			inputFileListPaths = (
			);
			inputPaths = (
				"${PODS_PODFILE_DIR_PATH}/Podfile.lock",
				"${PODS_ROOT}/Manifest.lock",
			);
			name = "[CP] Check Pods Manifest.lock";
			outputFileListPaths = (
			);
			outputPaths = (
				"$(DERIVED_FILE_DIR)/Pods-StudyHubTests-checkManifestLockResult.txt",
			);
			runOnlyForDeploymentPostprocessing = 0;
			shellPath = /bin/sh;
			shellScript = "diff \"${PODS_PODFILE_DIR_PATH}/Podfile.lock\" \"${PODS_ROOT}/Manifest.lock\" > /dev/null\nif [ $? != 0 ] ; then\n    # print error to STDERR\n    echo \"error: The sandbox is not in sync with the Podfile.lock. Run 'pod install' or update your CocoaPods installation.\" >&2\n    exit 1\nfi\n# This output is used by Xcode 'outputs' to avoid re-running this script phase.\necho \"SUCCESS\" > \"${SCRIPT_OUTPUT_FILE_0}\"\n";
			showEnvVarsInLog = 0;
		};
		90A2ABC82F0FD23225521277 /* [CP] Check Pods Manifest.lock */ = {
			isa = PBXShellScriptBuildPhase;
			buildActionMask = 2147483647;
			files = (
			);
			inputFileListPaths = (
			);
			inputPaths = (
				"${PODS_PODFILE_DIR_PATH}/Podfile.lock",
				"${PODS_ROOT}/Manifest.lock",
			);
			name = "[CP] Check Pods Manifest.lock";
			outputFileListPaths = (
			);
			outputPaths = (
				"$(DERIVED_FILE_DIR)/Pods-StudyHub-checkManifestLockResult.txt",
			);
			runOnlyForDeploymentPostprocessing = 0;
			shellPath = /bin/sh;
			shellScript = "diff \"${PODS_PODFILE_DIR_PATH}/Podfile.lock\" \"${PODS_ROOT}/Manifest.lock\" > /dev/null\nif [ $? != 0 ] ; then\n    # print error to STDERR\n    echo \"error: The sandbox is not in sync with the Podfile.lock. Run 'pod install' or update your CocoaPods installation.\" >&2\n    exit 1\nfi\n# This output is used by Xcode 'outputs' to avoid re-running this script phase.\necho \"SUCCESS\" > \"${SCRIPT_OUTPUT_FILE_0}\"\n";
			showEnvVarsInLog = 0;
		};
/* End PBXShellScriptBuildPhase section */

/* Begin PBXSourcesBuildPhase section */
		266D4B8C2B82872F00DE336D /* Sources */ = {
			isa = PBXSourcesBuildPhase;
			buildActionMask = 2147483647;
			files = (
				26870C0C2BC0CE5D00AB7F53 /* ProfileView.swift in Sources */,
				26870C522BC0E7A200AB7F53 /* AuthenticationView.swift in Sources */,
				266D4BCA2B8292EC00DE336D /* StringExtensions.swift in Sources */,
				26870C0E2BC0CE8200AB7F53 /* SettingsView.swift in Sources */,
				26870C562BC0E7E000AB7F53 /* SignupView.swift in Sources */,
				26870C542BC0E7C500AB7F53 /* AuthenticatedView.swift in Sources */,
				26870C502BC0E77E00AB7F53 /* AuthenticationViewModel.swift in Sources */,
				260B00852BC586290005BCA4 /* LocationManager.swift in Sources */,
				260B00822BC580AF0005BCA4 /* LocationViewModel.swift in Sources */,
				26870C122BC0E24800AB7F53 /* HomePageView.swift in Sources */,
				26870C082BC0CD8F00AB7F53 /* LocationView.swift in Sources */,
				266D4B962B82872F00DE336D /* HomePageViewController.swift in Sources */,
				266D4B942B82872F00DE336D /* StudyHubApp.swift in Sources */,
				260B008B2BCB37BA0005BCA4 /* ClassScheduleViewModel.swift in Sources */,
				26870C452BC0E64300AB7F53 /* LoginView.swift in Sources */,
				260B00882BCB0CEA0005BCA4 /* CanvasAPIManager.swift in Sources */,
				260B008D2BCC207B0005BCA4 /* CourseUpdateViewController.swift in Sources */,
				26870C062BC0CA7D00AB7F53 /* ClassScheduleView.swift in Sources */,
				260B007F2BC37C9D0005BCA4 /* ProfileViewModel.swift in Sources */,
				260B007B2BC375D60005BCA4 /* HomePageViewModel.swift in Sources */,
			);
			runOnlyForDeploymentPostprocessing = 0;
		};
		266D4B9C2B82873000DE336D /* Sources */ = {
			isa = PBXSourcesBuildPhase;
			buildActionMask = 2147483647;
			files = (
				266D4BA52B82873000DE336D /* StudyHubTests.swift in Sources */,
			);
			runOnlyForDeploymentPostprocessing = 0;
		};
		266D4BA62B82873000DE336D /* Sources */ = {
			isa = PBXSourcesBuildPhase;
			buildActionMask = 2147483647;
			files = (
				266D4BB12B82873000DE336D /* StudyHubUITestsLaunchTests.swift in Sources */,
				266D4BAF2B82873000DE336D /* StudyHubUITests.swift in Sources */,
			);
			runOnlyForDeploymentPostprocessing = 0;
		};
/* End PBXSourcesBuildPhase section */

/* Begin PBXTargetDependency section */
		266D4BA22B82873000DE336D /* PBXTargetDependency */ = {
			isa = PBXTargetDependency;
			target = 266D4B8F2B82872F00DE336D /* StudyHub */;
			targetProxy = 266D4BA12B82873000DE336D /* PBXContainerItemProxy */;
		};
		266D4BAC2B82873000DE336D /* PBXTargetDependency */ = {
			isa = PBXTargetDependency;
			target = 266D4B8F2B82872F00DE336D /* StudyHub */;
			targetProxy = 266D4BAB2B82873000DE336D /* PBXContainerItemProxy */;
		};
/* End PBXTargetDependency section */

/* Begin PBXVariantGroup section */
		266D4BC42B8290B500DE336D /* Localizable.strings */ = {
			isa = PBXVariantGroup;
			children = (
				266D4BC32B8290B500DE336D /* en */,
				266D4BC52B82911800DE336D /* de */,
			);
			name = Localizable.strings;
			sourceTree = "<group>";
		};
/* End PBXVariantGroup section */

/* Begin XCBuildConfiguration section */
		266D4BB22B82873000DE336D /* Debug */ = {
			isa = XCBuildConfiguration;
			buildSettings = {
				ALWAYS_SEARCH_USER_PATHS = NO;
				CLANG_ANALYZER_LOCALIZABILITY_NONLOCALIZED = YES;
				CLANG_ANALYZER_NONNULL = YES;
				CLANG_ANALYZER_NUMBER_OBJECT_CONVERSION = YES_AGGRESSIVE;
				CLANG_CXX_LANGUAGE_STANDARD = "gnu++20";
				CLANG_ENABLE_MODULES = YES;
				CLANG_ENABLE_OBJC_ARC = YES;
				CLANG_ENABLE_OBJC_WEAK = YES;
				CLANG_WARN_BLOCK_CAPTURE_AUTORELEASING = YES;
				CLANG_WARN_BOOL_CONVERSION = YES;
				CLANG_WARN_COMMA = YES;
				CLANG_WARN_CONSTANT_CONVERSION = YES;
				CLANG_WARN_DEPRECATED_OBJC_IMPLEMENTATIONS = YES;
				CLANG_WARN_DIRECT_OBJC_ISA_USAGE = YES_ERROR;
				CLANG_WARN_DOCUMENTATION_COMMENTS = YES;
				CLANG_WARN_EMPTY_BODY = YES;
				CLANG_WARN_ENUM_CONVERSION = YES;
				CLANG_WARN_INFINITE_RECURSION = YES;
				CLANG_WARN_INT_CONVERSION = YES;
				CLANG_WARN_NON_LITERAL_NULL_CONVERSION = YES;
				CLANG_WARN_OBJC_IMPLICIT_RETAIN_SELF = YES;
				CLANG_WARN_OBJC_LITERAL_CONVERSION = YES;
				CLANG_WARN_OBJC_ROOT_CLASS = YES_ERROR;
				CLANG_WARN_QUOTED_INCLUDE_IN_FRAMEWORK_HEADER = YES;
				CLANG_WARN_RANGE_LOOP_ANALYSIS = YES;
				CLANG_WARN_STRICT_PROTOTYPES = YES;
				CLANG_WARN_SUSPICIOUS_MOVE = YES;
				CLANG_WARN_UNGUARDED_AVAILABILITY = YES_AGGRESSIVE;
				CLANG_WARN_UNREACHABLE_CODE = YES;
				CLANG_WARN__DUPLICATE_METHOD_MATCH = YES;
				COPY_PHASE_STRIP = NO;
				DEBUG_INFORMATION_FORMAT = dwarf;
				ENABLE_STRICT_OBJC_MSGSEND = YES;
				ENABLE_TESTABILITY = YES;
				GCC_C_LANGUAGE_STANDARD = gnu11;
				GCC_DYNAMIC_NO_PIC = NO;
				GCC_NO_COMMON_BLOCKS = YES;
				GCC_OPTIMIZATION_LEVEL = 0;
				GCC_PREPROCESSOR_DEFINITIONS = (
					"DEBUG=1",
					"$(inherited)",
				);
				GCC_WARN_64_TO_32_BIT_CONVERSION = YES;
				GCC_WARN_ABOUT_RETURN_TYPE = YES_ERROR;
				GCC_WARN_UNDECLARED_SELECTOR = YES;
				GCC_WARN_UNINITIALIZED_AUTOS = YES_AGGRESSIVE;
				GCC_WARN_UNUSED_FUNCTION = YES;
				GCC_WARN_UNUSED_VARIABLE = YES;
				IPHONEOS_DEPLOYMENT_TARGET = 16.4;
				MTL_ENABLE_DEBUG_INFO = INCLUDE_SOURCE;
				MTL_FAST_MATH = YES;
				ONLY_ACTIVE_ARCH = YES;
				SDKROOT = iphoneos;
				SWIFT_ACTIVE_COMPILATION_CONDITIONS = DEBUG;
				SWIFT_OPTIMIZATION_LEVEL = "-Onone";
			};
			name = Debug;
		};
		266D4BB32B82873000DE336D /* Release */ = {
			isa = XCBuildConfiguration;
			buildSettings = {
				ALWAYS_SEARCH_USER_PATHS = NO;
				CLANG_ANALYZER_LOCALIZABILITY_NONLOCALIZED = YES;
				CLANG_ANALYZER_NONNULL = YES;
				CLANG_ANALYZER_NUMBER_OBJECT_CONVERSION = YES_AGGRESSIVE;
				CLANG_CXX_LANGUAGE_STANDARD = "gnu++20";
				CLANG_ENABLE_MODULES = YES;
				CLANG_ENABLE_OBJC_ARC = YES;
				CLANG_ENABLE_OBJC_WEAK = YES;
				CLANG_WARN_BLOCK_CAPTURE_AUTORELEASING = YES;
				CLANG_WARN_BOOL_CONVERSION = YES;
				CLANG_WARN_COMMA = YES;
				CLANG_WARN_CONSTANT_CONVERSION = YES;
				CLANG_WARN_DEPRECATED_OBJC_IMPLEMENTATIONS = YES;
				CLANG_WARN_DIRECT_OBJC_ISA_USAGE = YES_ERROR;
				CLANG_WARN_DOCUMENTATION_COMMENTS = YES;
				CLANG_WARN_EMPTY_BODY = YES;
				CLANG_WARN_ENUM_CONVERSION = YES;
				CLANG_WARN_INFINITE_RECURSION = YES;
				CLANG_WARN_INT_CONVERSION = YES;
				CLANG_WARN_NON_LITERAL_NULL_CONVERSION = YES;
				CLANG_WARN_OBJC_IMPLICIT_RETAIN_SELF = YES;
				CLANG_WARN_OBJC_LITERAL_CONVERSION = YES;
				CLANG_WARN_OBJC_ROOT_CLASS = YES_ERROR;
				CLANG_WARN_QUOTED_INCLUDE_IN_FRAMEWORK_HEADER = YES;
				CLANG_WARN_RANGE_LOOP_ANALYSIS = YES;
				CLANG_WARN_STRICT_PROTOTYPES = YES;
				CLANG_WARN_SUSPICIOUS_MOVE = YES;
				CLANG_WARN_UNGUARDED_AVAILABILITY = YES_AGGRESSIVE;
				CLANG_WARN_UNREACHABLE_CODE = YES;
				CLANG_WARN__DUPLICATE_METHOD_MATCH = YES;
				COPY_PHASE_STRIP = NO;
				DEBUG_INFORMATION_FORMAT = "dwarf-with-dsym";
				ENABLE_NS_ASSERTIONS = NO;
				ENABLE_STRICT_OBJC_MSGSEND = YES;
				GCC_C_LANGUAGE_STANDARD = gnu11;
				GCC_NO_COMMON_BLOCKS = YES;
				GCC_WARN_64_TO_32_BIT_CONVERSION = YES;
				GCC_WARN_ABOUT_RETURN_TYPE = YES_ERROR;
				GCC_WARN_UNDECLARED_SELECTOR = YES;
				GCC_WARN_UNINITIALIZED_AUTOS = YES_AGGRESSIVE;
				GCC_WARN_UNUSED_FUNCTION = YES;
				GCC_WARN_UNUSED_VARIABLE = YES;
				IPHONEOS_DEPLOYMENT_TARGET = 16.4;
				MTL_ENABLE_DEBUG_INFO = NO;
				MTL_FAST_MATH = YES;
				SDKROOT = iphoneos;
				SWIFT_COMPILATION_MODE = wholemodule;
				SWIFT_OPTIMIZATION_LEVEL = "-O";
				VALIDATE_PRODUCT = YES;
			};
			name = Release;
		};
		266D4BB52B82873000DE336D /* Debug */ = {
			isa = XCBuildConfiguration;
			baseConfigurationReference = D92E8453601BCC6B8B1F7B51 /* Pods-StudyHub.debug.xcconfig */;
			buildSettings = {
				ASSETCATALOG_COMPILER_APPICON_NAME = AppIcon;
				ASSETCATALOG_COMPILER_GLOBAL_ACCENT_COLOR_NAME = AccentColor;
				CODE_SIGN_STYLE = Automatic;
				CURRENT_PROJECT_VERSION = 1;
				DEVELOPMENT_ASSET_PATHS = "\"StudyHub/Preview Content\"";
				DEVELOPMENT_TEAM = 6L8Z8BM3KH;
				ENABLE_PREVIEWS = YES;
				GENERATE_INFOPLIST_FILE = YES;
				INFOPLIST_FILE = StudyHub/Info.plist;
				INFOPLIST_KEY_NSLocationWhenInUseUsageDescription = "We need your location to show it to your study buddies";
				INFOPLIST_KEY_UIApplicationSceneManifest_Generation = YES;
				INFOPLIST_KEY_UIApplicationSupportsIndirectInputEvents = YES;
				INFOPLIST_KEY_UILaunchScreen_Generation = YES;
				INFOPLIST_KEY_UISupportedInterfaceOrientations_iPad = "UIInterfaceOrientationPortrait UIInterfaceOrientationPortraitUpsideDown UIInterfaceOrientationLandscapeLeft UIInterfaceOrientationLandscapeRight";
				INFOPLIST_KEY_UISupportedInterfaceOrientations_iPhone = "UIInterfaceOrientationPortrait UIInterfaceOrientationLandscapeLeft UIInterfaceOrientationLandscapeRight";
				LD_RUNPATH_SEARCH_PATHS = (
					"$(inherited)",
					"@executable_path/Frameworks",
				);
				MARKETING_VERSION = 1.0;
				PRODUCT_BUNDLE_IDENTIFIER = test.StudyHub;
				PRODUCT_NAME = "$(TARGET_NAME)";
				SWIFT_EMIT_LOC_STRINGS = YES;
				SWIFT_VERSION = 5.0;
				TARGETED_DEVICE_FAMILY = "1,2";
			};
			name = Debug;
		};
		266D4BB62B82873000DE336D /* Release */ = {
			isa = XCBuildConfiguration;
			baseConfigurationReference = DB4ACE94D20145E61E4D1C87 /* Pods-StudyHub.release.xcconfig */;
			buildSettings = {
				ASSETCATALOG_COMPILER_APPICON_NAME = AppIcon;
				ASSETCATALOG_COMPILER_GLOBAL_ACCENT_COLOR_NAME = AccentColor;
				CODE_SIGN_STYLE = Automatic;
				CURRENT_PROJECT_VERSION = 1;
				DEVELOPMENT_ASSET_PATHS = "\"StudyHub/Preview Content\"";
				DEVELOPMENT_TEAM = 6L8Z8BM3KH;
				ENABLE_PREVIEWS = YES;
				GENERATE_INFOPLIST_FILE = YES;
				INFOPLIST_FILE = StudyHub/Info.plist;
				INFOPLIST_KEY_NSLocationWhenInUseUsageDescription = "We need your location to show it to your study buddies";
				INFOPLIST_KEY_UIApplicationSceneManifest_Generation = YES;
				INFOPLIST_KEY_UIApplicationSupportsIndirectInputEvents = YES;
				INFOPLIST_KEY_UILaunchScreen_Generation = YES;
				INFOPLIST_KEY_UISupportedInterfaceOrientations_iPad = "UIInterfaceOrientationPortrait UIInterfaceOrientationPortraitUpsideDown UIInterfaceOrientationLandscapeLeft UIInterfaceOrientationLandscapeRight";
				INFOPLIST_KEY_UISupportedInterfaceOrientations_iPhone = "UIInterfaceOrientationPortrait UIInterfaceOrientationLandscapeLeft UIInterfaceOrientationLandscapeRight";
				LD_RUNPATH_SEARCH_PATHS = (
					"$(inherited)",
					"@executable_path/Frameworks",
				);
				MARKETING_VERSION = 1.0;
				PRODUCT_BUNDLE_IDENTIFIER = test.StudyHub;
				PRODUCT_NAME = "$(TARGET_NAME)";
				SWIFT_EMIT_LOC_STRINGS = YES;
				SWIFT_VERSION = 5.0;
				TARGETED_DEVICE_FAMILY = "1,2";
			};
			name = Release;
		};
		266D4BB82B82873000DE336D /* Debug */ = {
			isa = XCBuildConfiguration;
			baseConfigurationReference = 99D1624A4E8254E2560CDD56 /* Pods-StudyHubTests.debug.xcconfig */;
			buildSettings = {
				ALWAYS_EMBED_SWIFT_STANDARD_LIBRARIES = YES;
				BUNDLE_LOADER = "$(TEST_HOST)";
				CODE_SIGN_STYLE = Automatic;
				CURRENT_PROJECT_VERSION = 1;
				DEVELOPMENT_TEAM = 6L8Z8BM3KH;
				GENERATE_INFOPLIST_FILE = YES;
				IPHONEOS_DEPLOYMENT_TARGET = 16.4;
				MARKETING_VERSION = 1.0;
				PRODUCT_BUNDLE_IDENTIFIER = test.StudyHubTests;
				PRODUCT_NAME = "$(TARGET_NAME)";
				SWIFT_EMIT_LOC_STRINGS = NO;
				SWIFT_VERSION = 5.0;
				TARGETED_DEVICE_FAMILY = "1,2";
				TEST_HOST = "$(BUILT_PRODUCTS_DIR)/StudyHub.app/$(BUNDLE_EXECUTABLE_FOLDER_PATH)/StudyHub";
			};
			name = Debug;
		};
		266D4BB92B82873000DE336D /* Release */ = {
			isa = XCBuildConfiguration;
			baseConfigurationReference = E76671C3F4749FFC6F366A93 /* Pods-StudyHubTests.release.xcconfig */;
			buildSettings = {
				ALWAYS_EMBED_SWIFT_STANDARD_LIBRARIES = YES;
				BUNDLE_LOADER = "$(TEST_HOST)";
				CODE_SIGN_STYLE = Automatic;
				CURRENT_PROJECT_VERSION = 1;
				DEVELOPMENT_TEAM = 6L8Z8BM3KH;
				GENERATE_INFOPLIST_FILE = YES;
				IPHONEOS_DEPLOYMENT_TARGET = 16.4;
				MARKETING_VERSION = 1.0;
				PRODUCT_BUNDLE_IDENTIFIER = test.StudyHubTests;
				PRODUCT_NAME = "$(TARGET_NAME)";
				SWIFT_EMIT_LOC_STRINGS = NO;
				SWIFT_VERSION = 5.0;
				TARGETED_DEVICE_FAMILY = "1,2";
				TEST_HOST = "$(BUILT_PRODUCTS_DIR)/StudyHub.app/$(BUNDLE_EXECUTABLE_FOLDER_PATH)/StudyHub";
			};
			name = Release;
		};
		266D4BBB2B82873000DE336D /* Debug */ = {
			isa = XCBuildConfiguration;
			baseConfigurationReference = 9A0FF878A0B0A593DD0FF54F /* Pods-StudyHub-StudyHubUITests.debug.xcconfig */;
			buildSettings = {
				ALWAYS_EMBED_SWIFT_STANDARD_LIBRARIES = YES;
				CODE_SIGN_STYLE = Automatic;
				CURRENT_PROJECT_VERSION = 1;
				DEVELOPMENT_TEAM = 6L8Z8BM3KH;
				GENERATE_INFOPLIST_FILE = YES;
				MARKETING_VERSION = 1.0;
				PRODUCT_BUNDLE_IDENTIFIER = test.StudyHubUITests;
				PRODUCT_NAME = "$(TARGET_NAME)";
				SWIFT_EMIT_LOC_STRINGS = NO;
				SWIFT_VERSION = 5.0;
				TARGETED_DEVICE_FAMILY = "1,2";
				TEST_TARGET_NAME = StudyHub;
			};
			name = Debug;
		};
		266D4BBC2B82873000DE336D /* Release */ = {
			isa = XCBuildConfiguration;
			baseConfigurationReference = 9406874B2B7F5BA5B61BCD55 /* Pods-StudyHub-StudyHubUITests.release.xcconfig */;
			buildSettings = {
				ALWAYS_EMBED_SWIFT_STANDARD_LIBRARIES = YES;
				CODE_SIGN_STYLE = Automatic;
				CURRENT_PROJECT_VERSION = 1;
				DEVELOPMENT_TEAM = 6L8Z8BM3KH;
				GENERATE_INFOPLIST_FILE = YES;
				MARKETING_VERSION = 1.0;
				PRODUCT_BUNDLE_IDENTIFIER = test.StudyHubUITests;
				PRODUCT_NAME = "$(TARGET_NAME)";
				SWIFT_EMIT_LOC_STRINGS = NO;
				SWIFT_VERSION = 5.0;
				TARGETED_DEVICE_FAMILY = "1,2";
				TEST_TARGET_NAME = StudyHub;
			};
			name = Release;
		};
/* End XCBuildConfiguration section */

/* Begin XCConfigurationList section */
		266D4B8B2B82872F00DE336D /* Build configuration list for PBXProject "StudyHub" */ = {
			isa = XCConfigurationList;
			buildConfigurations = (
				266D4BB22B82873000DE336D /* Debug */,
				266D4BB32B82873000DE336D /* Release */,
			);
			defaultConfigurationIsVisible = 0;
			defaultConfigurationName = Release;
		};
		266D4BB42B82873000DE336D /* Build configuration list for PBXNativeTarget "StudyHub" */ = {
			isa = XCConfigurationList;
			buildConfigurations = (
				266D4BB52B82873000DE336D /* Debug */,
				266D4BB62B82873000DE336D /* Release */,
			);
			defaultConfigurationIsVisible = 0;
			defaultConfigurationName = Release;
		};
		266D4BB72B82873000DE336D /* Build configuration list for PBXNativeTarget "StudyHubTests" */ = {
			isa = XCConfigurationList;
			buildConfigurations = (
				266D4BB82B82873000DE336D /* Debug */,
				266D4BB92B82873000DE336D /* Release */,
			);
			defaultConfigurationIsVisible = 0;
			defaultConfigurationName = Release;
		};
		266D4BBA2B82873000DE336D /* Build configuration list for PBXNativeTarget "StudyHubUITests" */ = {
			isa = XCConfigurationList;
			buildConfigurations = (
				266D4BBB2B82873000DE336D /* Debug */,
				266D4BBC2B82873000DE336D /* Release */,
			);
			defaultConfigurationIsVisible = 0;
			defaultConfigurationName = Release;
		};
/* End XCConfigurationList section */

/* Begin XCRemoteSwiftPackageReference section */
		26870C152BC0E4FC00AB7F53 /* XCRemoteSwiftPackageReference "firebase-ios-sdk" */ = {
			isa = XCRemoteSwiftPackageReference;
			repositoryURL = "https://github.com/firebase/firebase-ios-sdk";
			requirement = {
				kind = upToNextMajorVersion;
				minimumVersion = 10.0.0;
			};
		};
/* End XCRemoteSwiftPackageReference section */

/* Begin XCSwiftPackageProductDependency section */
		26870C162BC0E4FC00AB7F53 /* FirebaseAppCheck */ = {
			isa = XCSwiftPackageProductDependency;
			package = 26870C152BC0E4FC00AB7F53 /* XCRemoteSwiftPackageReference "firebase-ios-sdk" */;
			productName = FirebaseAppCheck;
		};
		26870C182BC0E4FC00AB7F53 /* FirebaseAppDistribution-Beta */ = {
			isa = XCSwiftPackageProductDependency;
			package = 26870C152BC0E4FC00AB7F53 /* XCRemoteSwiftPackageReference "firebase-ios-sdk" */;
			productName = "FirebaseAppDistribution-Beta";
		};
		26870C1A2BC0E4FC00AB7F53 /* FirebaseAuth */ = {
			isa = XCSwiftPackageProductDependency;
			package = 26870C152BC0E4FC00AB7F53 /* XCRemoteSwiftPackageReference "firebase-ios-sdk" */;
			productName = FirebaseAuth;
		};
		26870C1C2BC0E4FC00AB7F53 /* FirebaseAuthCombine-Community */ = {
			isa = XCSwiftPackageProductDependency;
			package = 26870C152BC0E4FC00AB7F53 /* XCRemoteSwiftPackageReference "firebase-ios-sdk" */;
			productName = "FirebaseAuthCombine-Community";
		};
		26870C1E2BC0E4FC00AB7F53 /* FirebaseCrashlytics */ = {
			isa = XCSwiftPackageProductDependency;
			package = 26870C152BC0E4FC00AB7F53 /* XCRemoteSwiftPackageReference "firebase-ios-sdk" */;
			productName = FirebaseCrashlytics;
		};
		26870C202BC0E4FC00AB7F53 /* FirebaseDatabase */ = {
			isa = XCSwiftPackageProductDependency;
			package = 26870C152BC0E4FC00AB7F53 /* XCRemoteSwiftPackageReference "firebase-ios-sdk" */;
			productName = FirebaseDatabase;
		};
		26870C222BC0E4FC00AB7F53 /* FirebaseDatabaseSwift */ = {
			isa = XCSwiftPackageProductDependency;
			package = 26870C152BC0E4FC00AB7F53 /* XCRemoteSwiftPackageReference "firebase-ios-sdk" */;
			productName = FirebaseDatabaseSwift;
		};
		26870C242BC0E4FC00AB7F53 /* FirebaseDynamicLinks */ = {
			isa = XCSwiftPackageProductDependency;
			package = 26870C152BC0E4FC00AB7F53 /* XCRemoteSwiftPackageReference "firebase-ios-sdk" */;
			productName = FirebaseDynamicLinks;
		};
		26870C262BC0E4FC00AB7F53 /* FirebaseFirestore */ = {
			isa = XCSwiftPackageProductDependency;
			package = 26870C152BC0E4FC00AB7F53 /* XCRemoteSwiftPackageReference "firebase-ios-sdk" */;
			productName = FirebaseFirestore;
		};
		26870C282BC0E4FC00AB7F53 /* FirebaseFirestoreCombine-Community */ = {
			isa = XCSwiftPackageProductDependency;
			package = 26870C152BC0E4FC00AB7F53 /* XCRemoteSwiftPackageReference "firebase-ios-sdk" */;
			productName = "FirebaseFirestoreCombine-Community";
		};
		26870C2A2BC0E4FC00AB7F53 /* FirebaseFirestoreSwift */ = {
			isa = XCSwiftPackageProductDependency;
			package = 26870C152BC0E4FC00AB7F53 /* XCRemoteSwiftPackageReference "firebase-ios-sdk" */;
			productName = FirebaseFirestoreSwift;
		};
		26870C2C2BC0E4FC00AB7F53 /* FirebaseFunctions */ = {
			isa = XCSwiftPackageProductDependency;
			package = 26870C152BC0E4FC00AB7F53 /* XCRemoteSwiftPackageReference "firebase-ios-sdk" */;
			productName = FirebaseFunctions;
		};
		26870C2E2BC0E4FC00AB7F53 /* FirebaseFunctionsCombine-Community */ = {
			isa = XCSwiftPackageProductDependency;
			package = 26870C152BC0E4FC00AB7F53 /* XCRemoteSwiftPackageReference "firebase-ios-sdk" */;
			productName = "FirebaseFunctionsCombine-Community";
		};
		26870C302BC0E4FC00AB7F53 /* FirebaseInAppMessaging-Beta */ = {
			isa = XCSwiftPackageProductDependency;
			package = 26870C152BC0E4FC00AB7F53 /* XCRemoteSwiftPackageReference "firebase-ios-sdk" */;
			productName = "FirebaseInAppMessaging-Beta";
		};
		26870C322BC0E4FC00AB7F53 /* FirebaseInAppMessagingSwift-Beta */ = {
			isa = XCSwiftPackageProductDependency;
			package = 26870C152BC0E4FC00AB7F53 /* XCRemoteSwiftPackageReference "firebase-ios-sdk" */;
			productName = "FirebaseInAppMessagingSwift-Beta";
		};
		26870C342BC0E4FC00AB7F53 /* FirebaseInstallations */ = {
			isa = XCSwiftPackageProductDependency;
			package = 26870C152BC0E4FC00AB7F53 /* XCRemoteSwiftPackageReference "firebase-ios-sdk" */;
			productName = FirebaseInstallations;
		};
		26870C362BC0E4FC00AB7F53 /* FirebaseMLModelDownloader */ = {
			isa = XCSwiftPackageProductDependency;
			package = 26870C152BC0E4FC00AB7F53 /* XCRemoteSwiftPackageReference "firebase-ios-sdk" */;
			productName = FirebaseMLModelDownloader;
		};
		26870C382BC0E4FC00AB7F53 /* FirebaseMessaging */ = {
			isa = XCSwiftPackageProductDependency;
			package = 26870C152BC0E4FC00AB7F53 /* XCRemoteSwiftPackageReference "firebase-ios-sdk" */;
			productName = FirebaseMessaging;
		};
		26870C3A2BC0E4FC00AB7F53 /* FirebasePerformance */ = {
			isa = XCSwiftPackageProductDependency;
			package = 26870C152BC0E4FC00AB7F53 /* XCRemoteSwiftPackageReference "firebase-ios-sdk" */;
			productName = FirebasePerformance;
		};
		26870C3C2BC0E4FC00AB7F53 /* FirebaseRemoteConfig */ = {
			isa = XCSwiftPackageProductDependency;
			package = 26870C152BC0E4FC00AB7F53 /* XCRemoteSwiftPackageReference "firebase-ios-sdk" */;
			productName = FirebaseRemoteConfig;
		};
		26870C3E2BC0E4FC00AB7F53 /* FirebaseRemoteConfigSwift */ = {
			isa = XCSwiftPackageProductDependency;
			package = 26870C152BC0E4FC00AB7F53 /* XCRemoteSwiftPackageReference "firebase-ios-sdk" */;
			productName = FirebaseRemoteConfigSwift;
		};
		26870C402BC0E4FC00AB7F53 /* FirebaseStorage */ = {
			isa = XCSwiftPackageProductDependency;
			package = 26870C152BC0E4FC00AB7F53 /* XCRemoteSwiftPackageReference "firebase-ios-sdk" */;
			productName = FirebaseStorage;
		};
		26870C422BC0E4FC00AB7F53 /* FirebaseStorageCombine-Community */ = {
			isa = XCSwiftPackageProductDependency;
			package = 26870C152BC0E4FC00AB7F53 /* XCRemoteSwiftPackageReference "firebase-ios-sdk" */;
			productName = "FirebaseStorageCombine-Community";
		};
		26870C462BC0E72200AB7F53 /* FirebaseAnalytics */ = {
			isa = XCSwiftPackageProductDependency;
			package = 26870C152BC0E4FC00AB7F53 /* XCRemoteSwiftPackageReference "firebase-ios-sdk" */;
			productName = FirebaseAnalytics;
		};
		26870C482BC0E72200AB7F53 /* FirebaseAnalyticsOnDeviceConversion */ = {
			isa = XCSwiftPackageProductDependency;
			package = 26870C152BC0E4FC00AB7F53 /* XCRemoteSwiftPackageReference "firebase-ios-sdk" */;
			productName = FirebaseAnalyticsOnDeviceConversion;
		};
		26870C4A2BC0E72200AB7F53 /* FirebaseAnalyticsSwift */ = {
			isa = XCSwiftPackageProductDependency;
			package = 26870C152BC0E4FC00AB7F53 /* XCRemoteSwiftPackageReference "firebase-ios-sdk" */;
			productName = FirebaseAnalyticsSwift;
		};
		26870C4C2BC0E72200AB7F53 /* FirebaseAnalyticsWithoutAdIdSupport */ = {
			isa = XCSwiftPackageProductDependency;
			package = 26870C152BC0E4FC00AB7F53 /* XCRemoteSwiftPackageReference "firebase-ios-sdk" */;
			productName = FirebaseAnalyticsWithoutAdIdSupport;
		};
/* End XCSwiftPackageProductDependency section */
	};
	rootObject = 266D4B882B82872F00DE336D /* Project object */;
}
